// !$*UTF8*$!
{
	archiveVersion = 1;
	classes = {
	};
	objectVersion = 77;
	objects = {

/* Begin PBXBuildFile section */
		00F372D5F3417E63E78A6F7F /* ReminderEngineTests.swift in Sources */ = {isa = PBXBuildFile; fileRef = 634D03DA45C9423ADEEEC119 /* ReminderEngineTests.swift */; };
		133152AF10DA6363B585298F /* Duration+Convenience.swift in Sources */ = {isa = PBXBuildFile; fileRef = DB88F075E90570DCD44F810B /* Duration+Convenience.swift */; };
		1A28636A05C77912CBA4922F /* ReminderCycle.swift in Sources */ = {isa = PBXBuildFile; fileRef = E435A09E2F251680CED4E297 /* ReminderCycle.swift */; };
		1F30F4BA615641CC198D980A /* DefaultReminders.swift in Sources */ = {isa = PBXBuildFile; fileRef = C29F08AEA02CFB845E2E05F9 /* DefaultReminders.swift */; };
		2DF44A1F67EC5A4631E0F7FB /* ReminderReducerTests.swift in Sources */ = {isa = PBXBuildFile; fileRef = A352F863CBC6FFF29C0E4036 /* ReminderReducerTests.swift */; };
		2EA9818A4235950C72335EB4 /* AppEnvironment.swift in Sources */ = {isa = PBXBuildFile; fileRef = 32114E7C8266C28843CD677A /* AppEnvironment.swift */; };
		3A8AC74AC579AD6086164856 /* NotificationCoordinator.swift in Sources */ = {isa = PBXBuildFile; fileRef = AE186E575ECE98924A7E5B1B /* NotificationCoordinator.swift */; };
		44DE53F848F48A527773F9A6 /* ReminderEvent.swift in Sources */ = {isa = PBXBuildFile; fileRef = 22A5C7E8AD8D5E928EA5ED3F /* ReminderEvent.swift */; };
		4ADCB8EA574B377E5535C80E /* ReminderReducer.swift in Sources */ = {isa = PBXBuildFile; fileRef = 40075A8C8473397233522935 /* ReminderReducer.swift */; };
		536E4DAC9D2FCE283AEE0C22 /* AppSnapshot.swift in Sources */ = {isa = PBXBuildFile; fileRef = 0531B355FD883D24D3F596A1 /* AppSnapshot.swift */; };
		5D73312BA0E0455A3F651CA4 /* ReminderIntent.swift in Sources */ = {isa = PBXBuildFile; fileRef = 864658FDBFADBEF8E381AB97 /* ReminderIntent.swift */; };
		6E789ABC908847FE9F2CBF1A /* ReminderEffect.swift in Sources */ = {isa = PBXBuildFile; fileRef = C7492AB3862B8F37A25360B7 /* ReminderEffect.swift */; };
		725FE3325CD4948EAE25C1E3 /* OverlayPresenter.swift in Sources */ = {isa = PBXBuildFile; fileRef = AA941D31DC6F15447F7CD242 /* OverlayPresenter.swift */; };
		7FB037221516D0396D5602A1 /* ReminderStore.swift in Sources */ = {isa = PBXBuildFile; fileRef = C0171C71BBB51998C0769146 /* ReminderStore.swift */; };
		92F057F5B7FB85F712192BAA /* CoreDataReminderStore.swift in Sources */ = {isa = PBXBuildFile; fileRef = F4514AAFA0EE6C1668545CF3 /* CoreDataReminderStore.swift */; };
		94C96D433515C655D8542F5B /* ReminderValidation.swift in Sources */ = {isa = PBXBuildFile; fileRef = CD396B65257C8823105E5E5A /* ReminderValidation.swift */; };
		98B8029A54A7967961A8750B /* ReminderConfig.swift in Sources */ = {isa = PBXBuildFile; fileRef = 3EBDCFD1A59939AC299789E1 /* ReminderConfig.swift */; };
		99CACBCC5083A4027F10A6A9 /* AppDelegate.swift in Sources */ = {isa = PBXBuildFile; fileRef = F94870744BC0B1D094470D51 /* AppDelegate.swift */; };
		9F919F5FE45D76CBDBCA7CE7 /* LoopCueApp.swift in Sources */ = {isa = PBXBuildFile; fileRef = 71D7B45F6AF0FE3D7239120D /* LoopCueApp.swift */; };
		A86D9AF63BD8BB97EB1E1599 /* EffectDispatcher.swift in Sources */ = {isa = PBXBuildFile; fileRef = 2D223F50D82DB369895473F9 /* EffectDispatcher.swift */; };
		C35CB858A556AC690A751427 /* MenuBarView.swift in Sources */ = {isa = PBXBuildFile; fileRef = 0B5143CC11FE454DE62B3B55 /* MenuBarView.swift */; };
		CB2CD28D8A9B870AB8600182 /* CoreDataReminderStoreTests.swift in Sources */ = {isa = PBXBuildFile; fileRef = 1A205866855516161A9DCC5C /* CoreDataReminderStoreTests.swift */; };
		CCDC13191A2F08DFEE5666BA /* StrongReminderView.swift in Sources */ = {isa = PBXBuildFile; fileRef = 822123E034051EF8BFDC4521 /* StrongReminderView.swift */; };
		CE16FE7C7D595C913CC9D842 /* ReminderValidationTests.swift in Sources */ = {isa = PBXBuildFile; fileRef = 7F65A58DD358D1621C2E3F1B /* ReminderValidationTests.swift */; };
		D81D7F2222474F670D1B395B /* AppModel.swift in Sources */ = {isa = PBXBuildFile; fileRef = 72819DB99F420225FF7A2D40 /* AppModel.swift */; };
		E0F1E5A648108E3D8E93D9A8 /* Scheduler.swift in Sources */ = {isa = PBXBuildFile; fileRef = 7148A3277E4A5CA07281864B /* Scheduler.swift */; };
		E2CFE51DE915F6126E7367BD /* ReminderEngine.swift in Sources */ = {isa = PBXBuildFile; fileRef = CD40B4B037825B2DFACA2AB0 /* ReminderEngine.swift */; };
		F7F066E8CA3A32BAE4B599D8 /* CyclePolicySnapshot.swift in Sources */ = {isa = PBXBuildFile; fileRef = FCCFEE3122D9B905383E0006 /* CyclePolicySnapshot.swift */; };
/* End PBXBuildFile section */

/* Begin PBXContainerItemProxy section */
		E71370FB179BE525638D194A /* PBXContainerItemProxy */ = {
			isa = PBXContainerItemProxy;
			containerPortal = F3E3CA4AAEA714ADE3AC3635 /* Project object */;
			proxyType = 1;
			remoteGlobalIDString = 50ECA1B851740898F1D29A7F;
			remoteInfo = LoopCue;
		};
/* End PBXContainerItemProxy section */

/* Begin PBXFileReference section */
		0531B355FD883D24D3F596A1 /* AppSnapshot.swift */ = {isa = PBXFileReference; lastKnownFileType = sourcecode.swift; path = AppSnapshot.swift; sourceTree = "<group>"; };
		089D8FBDC2ABDA0A82FA3D72 /* .gitkeep */ = {isa = PBXFileReference; path = .gitkeep; sourceTree = "<group>"; };
		0B5143CC11FE454DE62B3B55 /* MenuBarView.swift */ = {isa = PBXFileReference; lastKnownFileType = sourcecode.swift; path = MenuBarView.swift; sourceTree = "<group>"; };
		125D01D88F69400DA55B2DBA /* .gitkeep */ = {isa = PBXFileReference; path = .gitkeep; sourceTree = "<group>"; };
		1363C49A0C62521F7850350A /* .gitkeep */ = {isa = PBXFileReference; path = .gitkeep; sourceTree = "<group>"; };
		188883A409B64DABD0E1A414 /* Info.plist */ = {isa = PBXFileReference; lastKnownFileType = text.plist; path = Info.plist; sourceTree = "<group>"; };
		1A205866855516161A9DCC5C /* CoreDataReminderStoreTests.swift */ = {isa = PBXFileReference; lastKnownFileType = sourcecode.swift; path = CoreDataReminderStoreTests.swift; sourceTree = "<group>"; };
		1D9EBD304DA32C9F799997BA /* .gitkeep */ = {isa = PBXFileReference; path = .gitkeep; sourceTree = "<group>"; };
		1E07709ECCE949CC6A4FEABB /* LoopCue.app */ = {isa = PBXFileReference; explicitFileType = wrapper.application; includeInIndex = 0; path = LoopCue.app; sourceTree = BUILT_PRODUCTS_DIR; };
		22A5C7E8AD8D5E928EA5ED3F /* ReminderEvent.swift */ = {isa = PBXFileReference; lastKnownFileType = sourcecode.swift; path = ReminderEvent.swift; sourceTree = "<group>"; };
		2D223F50D82DB369895473F9 /* EffectDispatcher.swift */ = {isa = PBXFileReference; lastKnownFileType = sourcecode.swift; path = EffectDispatcher.swift; sourceTree = "<group>"; };
		32114E7C8266C28843CD677A /* AppEnvironment.swift */ = {isa = PBXFileReference; lastKnownFileType = sourcecode.swift; path = AppEnvironment.swift; sourceTree = "<group>"; };
		3CFBBEC48AE626E6DCD5B40E /* .gitkeep */ = {isa = PBXFileReference; path = .gitkeep; sourceTree = "<group>"; };
		3EBDCFD1A59939AC299789E1 /* ReminderConfig.swift */ = {isa = PBXFileReference; lastKnownFileType = sourcecode.swift; path = ReminderConfig.swift; sourceTree = "<group>"; };
		40075A8C8473397233522935 /* ReminderReducer.swift */ = {isa = PBXFileReference; lastKnownFileType = sourcecode.swift; path = ReminderReducer.swift; sourceTree = "<group>"; };
		413050A93D5A596843399751 /* .gitkeep */ = {isa = PBXFileReference; path = .gitkeep; sourceTree = "<group>"; };
		468F5B86056D7160865EAD7E /* .gitkeep */ = {isa = PBXFileReference; path = .gitkeep; sourceTree = "<group>"; };
		48ED3D266E085532E5F3E453 /* .gitkeep */ = {isa = PBXFileReference; path = .gitkeep; sourceTree = "<group>"; };
		634D03DA45C9423ADEEEC119 /* ReminderEngineTests.swift */ = {isa = PBXFileReference; lastKnownFileType = sourcecode.swift; path = ReminderEngineTests.swift; sourceTree = "<group>"; };
		66DDA87D8A71A5702A645050 /* .gitkeep */ = {isa = PBXFileReference; path = .gitkeep; sourceTree = "<group>"; };
		7148A3277E4A5CA07281864B /* Scheduler.swift */ = {isa = PBXFileReference; lastKnownFileType = sourcecode.swift; path = Scheduler.swift; sourceTree = "<group>"; };
		71D7B45F6AF0FE3D7239120D /* LoopCueApp.swift */ = {isa = PBXFileReference; lastKnownFileType = sourcecode.swift; path = LoopCueApp.swift; sourceTree = "<group>"; };
		72819DB99F420225FF7A2D40 /* AppModel.swift */ = {isa = PBXFileReference; lastKnownFileType = sourcecode.swift; path = AppModel.swift; sourceTree = "<group>"; };
		7F65A58DD358D1621C2E3F1B /* ReminderValidationTests.swift */ = {isa = PBXFileReference; lastKnownFileType = sourcecode.swift; path = ReminderValidationTests.swift; sourceTree = "<group>"; };
		822123E034051EF8BFDC4521 /* StrongReminderView.swift */ = {isa = PBXFileReference; lastKnownFileType = sourcecode.swift; path = StrongReminderView.swift; sourceTree = "<group>"; };
		864658FDBFADBEF8E381AB97 /* ReminderIntent.swift */ = {isa = PBXFileReference; lastKnownFileType = sourcecode.swift; path = ReminderIntent.swift; sourceTree = "<group>"; };
		A352F863CBC6FFF29C0E4036 /* ReminderReducerTests.swift */ = {isa = PBXFileReference; lastKnownFileType = sourcecode.swift; path = ReminderReducerTests.swift; sourceTree = "<group>"; };
		AA941D31DC6F15447F7CD242 /* OverlayPresenter.swift */ = {isa = PBXFileReference; lastKnownFileType = sourcecode.swift; path = OverlayPresenter.swift; sourceTree = "<group>"; };
		AE186E575ECE98924A7E5B1B /* NotificationCoordinator.swift */ = {isa = PBXFileReference; lastKnownFileType = sourcecode.swift; path = NotificationCoordinator.swift; sourceTree = "<group>"; };
		AE7C221EE06AAE46814AC386 /* LoopCueTests.xctest */ = {isa = PBXFileReference; explicitFileType = wrapper.cfbundle; includeInIndex = 0; path = LoopCueTests.xctest; sourceTree = BUILT_PRODUCTS_DIR; };
		B0056821DB9DA8D3ECB346C4 /* .gitkeep */ = {isa = PBXFileReference; path = .gitkeep; sourceTree = "<group>"; };
		C0171C71BBB51998C0769146 /* ReminderStore.swift */ = {isa = PBXFileReference; lastKnownFileType = sourcecode.swift; path = ReminderStore.swift; sourceTree = "<group>"; };
		C29F08AEA02CFB845E2E05F9 /* DefaultReminders.swift */ = {isa = PBXFileReference; lastKnownFileType = sourcecode.swift; path = DefaultReminders.swift; sourceTree = "<group>"; };
		C7492AB3862B8F37A25360B7 /* ReminderEffect.swift */ = {isa = PBXFileReference; lastKnownFileType = sourcecode.swift; path = ReminderEffect.swift; sourceTree = "<group>"; };
		CD396B65257C8823105E5E5A /* ReminderValidation.swift */ = {isa = PBXFileReference; lastKnownFileType = sourcecode.swift; path = ReminderValidation.swift; sourceTree = "<group>"; };
		CD40B4B037825B2DFACA2AB0 /* ReminderEngine.swift */ = {isa = PBXFileReference; lastKnownFileType = sourcecode.swift; path = ReminderEngine.swift; sourceTree = "<group>"; };
		D6A94CCE0DE691F5624D800C /* .gitkeep */ = {isa = PBXFileReference; path = .gitkeep; sourceTree = "<group>"; };
		DB88F075E90570DCD44F810B /* Duration+Convenience.swift */ = {isa = PBXFileReference; lastKnownFileType = sourcecode.swift; path = "Duration+Convenience.swift"; sourceTree = "<group>"; };
		E1A7CB8FD49FB66CC28229B7 /* .gitkeep */ = {isa = PBXFileReference; path = .gitkeep; sourceTree = "<group>"; };
		E435A09E2F251680CED4E297 /* ReminderCycle.swift */ = {isa = PBXFileReference; lastKnownFileType = sourcecode.swift; path = ReminderCycle.swift; sourceTree = "<group>"; };
		F4514AAFA0EE6C1668545CF3 /* CoreDataReminderStore.swift */ = {isa = PBXFileReference; lastKnownFileType = sourcecode.swift; path = CoreDataReminderStore.swift; sourceTree = "<group>"; };
		F94870744BC0B1D094470D51 /* AppDelegate.swift */ = {isa = PBXFileReference; lastKnownFileType = sourcecode.swift; path = AppDelegate.swift; sourceTree = "<group>"; };
		FCCFEE3122D9B905383E0006 /* CyclePolicySnapshot.swift */ = {isa = PBXFileReference; lastKnownFileType = sourcecode.swift; path = CyclePolicySnapshot.swift; sourceTree = "<group>"; };
/* End PBXFileReference section */

/* Begin PBXGroup section */
		04DA87115F734A2252F556BE /* MenuBar */ = {
			isa = PBXGroup;
			children = (
				0B5143CC11FE454DE62B3B55 /* MenuBarView.swift */,
			);
			path = MenuBar;
			sourceTree = "<group>";
		};
		072822E197D1BE097B6B6FC8 /* Application */ = {
			isa = PBXGroup;
			children = (
				634D03DA45C9423ADEEEC119 /* ReminderEngineTests.swift */,
			);
			path = Application;
			sourceTree = "<group>";
		};
		0A52136015CF2830314AB4EA /* Persistence */ = {
			isa = PBXGroup;
			children = (
				089D8FBDC2ABDA0A82FA3D72 /* .gitkeep */,
				F4514AAFA0EE6C1668545CF3 /* CoreDataReminderStore.swift */,
				C0171C71BBB51998C0769146 /* ReminderStore.swift */,
			);
			path = Persistence;
			sourceTree = "<group>";
		};
		149A1CBBED3DC478F59B4E39 /* Domain */ = {
			isa = PBXGroup;
			children = (
				ED52E024A78703A143648B8C /* Models */,
				DB88F075E90570DCD44F810B /* Duration+Convenience.swift */,
				C7492AB3862B8F37A25360B7 /* ReminderEffect.swift */,
				22A5C7E8AD8D5E928EA5ED3F /* ReminderEvent.swift */,
				864658FDBFADBEF8E381AB97 /* ReminderIntent.swift */,
				40075A8C8473397233522935 /* ReminderReducer.swift */,
				CD396B65257C8823105E5E5A /* ReminderValidation.swift */,
			);
			path = Domain;
			sourceTree = "<group>";
		};
		1CA9649D739BCA11ED843890 /* Notifications */ = {
			isa = PBXGroup;
			children = (
				1363C49A0C62521F7850350A /* .gitkeep */,
				AE186E575ECE98924A7E5B1B /* NotificationCoordinator.swift */,
			);
			path = Notifications;
			sourceTree = "<group>";
		};
		2352E24616CF70BBBC538370 /* Activity */ = {
			isa = PBXGroup;
			children = (
				D6A94CCE0DE691F5624D800C /* .gitkeep */,
			);
			path = Activity;
			sourceTree = "<group>";
		};
		3E55D90C80BFB530D85E2988 /* App */ = {
			isa = PBXGroup;
			children = (
				F94870744BC0B1D094470D51 /* AppDelegate.swift */,
				32114E7C8266C28843CD677A /* AppEnvironment.swift */,
				72819DB99F420225FF7A2D40 /* AppModel.swift */,
				C29F08AEA02CFB845E2E05F9 /* DefaultReminders.swift */,
				71D7B45F6AF0FE3D7239120D /* LoopCueApp.swift */,
			);
			path = App;
			sourceTree = "<group>";
		};
		416C2E63652E1545B4ECAAC6 /* TestDoubles */ = {
			isa = PBXGroup;
			children = (
				B0056821DB9DA8D3ECB346C4 /* .gitkeep */,
			);
			path = TestDoubles;
			sourceTree = "<group>";
		};
		4E9A6EEA45CEBFE8F3814357 /* StrongReminder */ = {
			isa = PBXGroup;
			children = (
				48ED3D266E085532E5F3E453 /* .gitkeep */,
				822123E034051EF8BFDC4521 /* StrongReminderView.swift */,
			);
			path = StrongReminder;
			sourceTree = "<group>";
		};
		52CABEE564042FAEA2DB67FB /* Application */ = {
			isa = PBXGroup;
			children = (
				0531B355FD883D24D3F596A1 /* AppSnapshot.swift */,
				2D223F50D82DB369895473F9 /* EffectDispatcher.swift */,
				CD40B4B037825B2DFACA2AB0 /* ReminderEngine.swift */,
				7148A3277E4A5CA07281864B /* Scheduler.swift */,
			);
			path = Application;
			sourceTree = "<group>";
		};
		530D700CF2C8A397ABCE8D36 /* Products */ = {
			isa = PBXGroup;
			children = (
				1E07709ECCE949CC6A4FEABB /* LoopCue.app */,
				AE7C221EE06AAE46814AC386 /* LoopCueTests.xctest */,
			);
			name = Products;
			sourceTree = "<group>";
		};
		54C7EDC5C655574998C9BD71 /* LoginItem */ = {
			isa = PBXGroup;
			children = (
				3CFBBEC48AE626E6DCD5B40E /* .gitkeep */,
			);
			path = LoginItem;
			sourceTree = "<group>";
		};
		7767999F1570683AE790B4D6 /* Features */ = {
			isa = PBXGroup;
			children = (
				04DA87115F734A2252F556BE /* MenuBar */,
				BE709D76BFBA1AC1EABE3288 /* Onboarding */,
				8BCAF8F4C265D7E8F5B59B6E /* ReminderEditor */,
				A6724EA278DA1FF387EA3619 /* ReminderList */,
				FD4F6400BC8A934AC1B31CDC /* Settings */,
				4E9A6EEA45CEBFE8F3814357 /* StrongReminder */,
			);
			path = Features;
			sourceTree = "<group>";
		};
		7ED7C634A94EB7C5159CBEB5 /* Persistence */ = {
			isa = PBXGroup;
			children = (
				1A205866855516161A9DCC5C /* CoreDataReminderStoreTests.swift */,
			);
			path = Persistence;
			sourceTree = "<group>";
		};
		8BCAF8F4C265D7E8F5B59B6E /* ReminderEditor */ = {
			isa = PBXGroup;
			children = (
				66DDA87D8A71A5702A645050 /* .gitkeep */,
			);
			path = ReminderEditor;
			sourceTree = "<group>";
		};
		9B68A7E93551DAF865E2D17B /* Domain */ = {
			isa = PBXGroup;
			children = (
				A352F863CBC6FFF29C0E4036 /* ReminderReducerTests.swift */,
				7F65A58DD358D1621C2E3F1B /* ReminderValidationTests.swift */,
			);
			path = Domain;
			sourceTree = "<group>";
		};
		A6724EA278DA1FF387EA3619 /* ReminderList */ = {
			isa = PBXGroup;
			children = (
				125D01D88F69400DA55B2DBA /* .gitkeep */,
			);
			path = ReminderList;
			sourceTree = "<group>";
		};
		AEC419DE1DF8A36ADEFFC985 /* Infrastructure */ = {
			isa = PBXGroup;
			children = (
				2352E24616CF70BBBC538370 /* Activity */,
				54C7EDC5C655574998C9BD71 /* LoginItem */,
				1CA9649D739BCA11ED843890 /* Notifications */,
				E7B6E86D5C675628F90AD87C /* Overlay */,
				0A52136015CF2830314AB4EA /* Persistence */,
			);
			path = Infrastructure;
			sourceTree = "<group>";
		};
		BC170F3100703C8070DB96ED /* Resources */ = {
			isa = PBXGroup;
			children = (
				413050A93D5A596843399751 /* .gitkeep */,
				188883A409B64DABD0E1A414 /* Info.plist */,
			);
			path = Resources;
			sourceTree = "<group>";
		};
		BE709D76BFBA1AC1EABE3288 /* Onboarding */ = {
			isa = PBXGroup;
			children = (
				1D9EBD304DA32C9F799997BA /* .gitkeep */,
			);
			path = Onboarding;
			sourceTree = "<group>";
		};
		D018E9856C3E35E558C0BBA5 /* LoopCueTests */ = {
			isa = PBXGroup;
			children = (
				072822E197D1BE097B6B6FC8 /* Application */,
				9B68A7E93551DAF865E2D17B /* Domain */,
				7ED7C634A94EB7C5159CBEB5 /* Persistence */,
				416C2E63652E1545B4ECAAC6 /* TestDoubles */,
			);
			path = LoopCueTests;
			sourceTree = "<group>";
		};
		D35842F237F0857DA5BD16B0 /* LoopCue */ = {
			isa = PBXGroup;
			children = (
				3E55D90C80BFB530D85E2988 /* App */,
				52CABEE564042FAEA2DB67FB /* Application */,
				149A1CBBED3DC478F59B4E39 /* Domain */,
				7767999F1570683AE790B4D6 /* Features */,
				AEC419DE1DF8A36ADEFFC985 /* Infrastructure */,
				BC170F3100703C8070DB96ED /* Resources */,
			);
			path = LoopCue;
			sourceTree = "<group>";
		};
		E7B6E86D5C675628F90AD87C /* Overlay */ = {
			isa = PBXGroup;
			children = (
				E1A7CB8FD49FB66CC28229B7 /* .gitkeep */,
				AA941D31DC6F15447F7CD242 /* OverlayPresenter.swift */,
			);
			path = Overlay;
			sourceTree = "<group>";
		};
		ED52E024A78703A143648B8C /* Models */ = {
			isa = PBXGroup;
			children = (
				FCCFEE3122D9B905383E0006 /* CyclePolicySnapshot.swift */,
				3EBDCFD1A59939AC299789E1 /* ReminderConfig.swift */,
				E435A09E2F251680CED4E297 /* ReminderCycle.swift */,
			);
			path = Models;
			sourceTree = "<group>";
		};
		F822D8E87402DD9A20E030A1 = {
			isa = PBXGroup;
			children = (
				D35842F237F0857DA5BD16B0 /* LoopCue */,
				D018E9856C3E35E558C0BBA5 /* LoopCueTests */,
				530D700CF2C8A397ABCE8D36 /* Products */,
			);
			sourceTree = "<group>";
		};
		FD4F6400BC8A934AC1B31CDC /* Settings */ = {
			isa = PBXGroup;
			children = (
				468F5B86056D7160865EAD7E /* .gitkeep */,
			);
			path = Settings;
			sourceTree = "<group>";
		};
/* End PBXGroup section */

/* Begin PBXNativeTarget section */
		27655516684C94E0A4EE7635 /* LoopCueTests */ = {
			isa = PBXNativeTarget;
			buildConfigurationList = B33AE511D675970233861000 /* Build configuration list for PBXNativeTarget "LoopCueTests" */;
			buildPhases = (
				9ADA022B0539E413F776CF1D /* Sources */,
			);
			buildRules = (
			);
			dependencies = (
				39489F41C48F29A758442D3F /* PBXTargetDependency */,
			);
			name = LoopCueTests;
			packageProductDependencies = (
			);
			productName = LoopCueTests;
			productReference = AE7C221EE06AAE46814AC386 /* LoopCueTests.xctest */;
			productType = "com.apple.product-type.bundle.unit-test";
		};
		50ECA1B851740898F1D29A7F /* LoopCue */ = {
			isa = PBXNativeTarget;
			buildConfigurationList = D2F8B8219A6E92B96EFA611F /* Build configuration list for PBXNativeTarget "LoopCue" */;
			buildPhases = (
				96FDC9820444046B61853C43 /* Sources */,
			);
			buildRules = (
			);
			dependencies = (
			);
			name = LoopCue;
			packageProductDependencies = (
			);
			productName = LoopCue;
			productReference = 1E07709ECCE949CC6A4FEABB /* LoopCue.app */;
			productType = "com.apple.product-type.application";
		};
/* End PBXNativeTarget section */

/* Begin PBXProject section */
		F3E3CA4AAEA714ADE3AC3635 /* Project object */ = {
			isa = PBXProject;
			attributes = {
				BuildIndependentTargetsInParallel = YES;
				LastUpgradeCheck = 1430;
				TargetAttributes = {
					27655516684C94E0A4EE7635 = {
						DevelopmentTeam = 627M2GD4Q9;
						ProvisioningStyle = Automatic;
					};
					50ECA1B851740898F1D29A7F = {
						DevelopmentTeam = 627M2GD4Q9;
						ProvisioningStyle = Automatic;
					};
				};
			};
			buildConfigurationList = 674285E19D58AC2A9B184511 /* Build configuration list for PBXProject "LoopCue" */;
			developmentRegion = en;
			hasScannedForEncodings = 0;
			knownRegions = (
				Base,
				en,
			);
			mainGroup = F822D8E87402DD9A20E030A1;
			minimizedProjectReferenceProxies = 1;
			preferredProjectObjectVersion = 77;
			productRefGroup = 530D700CF2C8A397ABCE8D36 /* Products */;
			projectDirPath = "";
			projectRoot = "";
			targets = (
				50ECA1B851740898F1D29A7F /* LoopCue */,
				27655516684C94E0A4EE7635 /* LoopCueTests */,
			);
		};
/* End PBXProject section */

/* Begin PBXSourcesBuildPhase section */
		96FDC9820444046B61853C43 /* Sources */ = {
			isa = PBXSourcesBuildPhase;
			buildActionMask = 2147483647;
			files = (
				99CACBCC5083A4027F10A6A9 /* AppDelegate.swift in Sources */,
				2EA9818A4235950C72335EB4 /* AppEnvironment.swift in Sources */,
				D81D7F2222474F670D1B395B /* AppModel.swift in Sources */,
				536E4DAC9D2FCE283AEE0C22 /* AppSnapshot.swift in Sources */,
				92F057F5B7FB85F712192BAA /* CoreDataReminderStore.swift in Sources */,
				F7F066E8CA3A32BAE4B599D8 /* CyclePolicySnapshot.swift in Sources */,
				1F30F4BA615641CC198D980A /* DefaultReminders.swift in Sources */,
				133152AF10DA6363B585298F /* Duration+Convenience.swift in Sources */,
				A86D9AF63BD8BB97EB1E1599 /* EffectDispatcher.swift in Sources */,
				9F919F5FE45D76CBDBCA7CE7 /* LoopCueApp.swift in Sources */,
				C35CB858A556AC690A751427 /* MenuBarView.swift in Sources */,
				3A8AC74AC579AD6086164856 /* NotificationCoordinator.swift in Sources */,
				725FE3325CD4948EAE25C1E3 /* OverlayPresenter.swift in Sources */,
				98B8029A54A7967961A8750B /* ReminderConfig.swift in Sources */,
				1A28636A05C77912CBA4922F /* ReminderCycle.swift in Sources */,
				6E789ABC908847FE9F2CBF1A /* ReminderEffect.swift in Sources */,
				E2CFE51DE915F6126E7367BD /* ReminderEngine.swift in Sources */,
				44DE53F848F48A527773F9A6 /* ReminderEvent.swift in Sources */,
				5D73312BA0E0455A3F651CA4 /* ReminderIntent.swift in Sources */,
				4ADCB8EA574B377E5535C80E /* ReminderReducer.swift in Sources */,
				7FB037221516D0396D5602A1 /* ReminderStore.swift in Sources */,
				94C96D433515C655D8542F5B /* ReminderValidation.swift in Sources */,
				E0F1E5A648108E3D8E93D9A8 /* Scheduler.swift in Sources */,
				CCDC13191A2F08DFEE5666BA /* StrongReminderView.swift in Sources */,
			);
			runOnlyForDeploymentPostprocessing = 0;
		};
		9ADA022B0539E413F776CF1D /* Sources */ = {
			isa = PBXSourcesBuildPhase;
			buildActionMask = 2147483647;
			files = (
				CB2CD28D8A9B870AB8600182 /* CoreDataReminderStoreTests.swift in Sources */,
				00F372D5F3417E63E78A6F7F /* ReminderEngineTests.swift in Sources */,
				2DF44A1F67EC5A4631E0F7FB /* ReminderReducerTests.swift in Sources */,
				CE16FE7C7D595C913CC9D842 /* ReminderValidationTests.swift in Sources */,
			);
			runOnlyForDeploymentPostprocessing = 0;
		};
/* End PBXSourcesBuildPhase section */

/* Begin PBXTargetDependency section */
		39489F41C48F29A758442D3F /* PBXTargetDependency */ = {
			isa = PBXTargetDependency;
			target = 50ECA1B851740898F1D29A7F /* LoopCue */;
			targetProxy = E71370FB179BE525638D194A /* PBXContainerItemProxy */;
		};
/* End PBXTargetDependency section */

/* Begin XCBuildConfiguration section */
		043A4337743E42301B8489AE /* Debug */ = {
			isa = XCBuildConfiguration;
			buildSettings = {
				BUNDLE_LOADER = "$(TEST_HOST)";
				COMBINE_HIDPI_IMAGES = YES;
				GENERATE_INFOPLIST_FILE = YES;
				LD_RUNPATH_SEARCH_PATHS = (
					"$(inherited)",
					"@executable_path/../Frameworks",
					"@loader_path/../Frameworks",
				);
				PRODUCT_BUNDLE_IDENTIFIER = com.loopcue.LoopCueTests;
				SDKROOT = macosx;
				TEST_HOST = "$(BUILT_PRODUCTS_DIR)/LoopCue.app/Contents/MacOS/LoopCue";
			};
			name = Debug;
		};
		AB71E9481158071867C4BBAA /* Release */ = {
			isa = XCBuildConfiguration;
			buildSettings = {
				ASSETCATALOG_COMPILER_APPICON_NAME = AppIcon;
				COMBINE_HIDPI_IMAGES = YES;
				ENABLE_HARDENED_RUNTIME = YES;
				GENERATE_INFOPLIST_FILE = NO;
				INFOPLIST_FILE = LoopCue/Resources/Info.plist;
				LD_RUNPATH_SEARCH_PATHS = (
					"$(inherited)",
					"@executable_path/../Frameworks",
				);
				PRODUCT_BUNDLE_IDENTIFIER = com.loopcue.LoopCue;
				SDKROOT = macosx;
			};
			name = Release;
		};
		E8EB5EBD250957694847AF29 /* Release */ = {
			isa = XCBuildConfiguration;
			buildSettings = {
				ALWAYS_SEARCH_USER_PATHS = NO;
				CLANG_ANALYZER_NONNULL = YES;
				CLANG_ANALYZER_NUMBER_OBJECT_CONVERSION = YES_AGGRESSIVE;
				CLANG_CXX_LANGUAGE_STANDARD = "gnu++14";
				CLANG_CXX_LIBRARY = "libc++";
				CLANG_ENABLE_MODULES = YES;
				CLANG_ENABLE_OBJC_ARC = YES;
				CLANG_ENABLE_OBJC_WEAK = YES;
				CLANG_WARN_BLOCK_CAPTURE_AUTORELEASING = YES;
				CLANG_WARN_BOOL_CONVERSION = YES;
				CLANG_WARN_COMMA = YES;
				CLANG_WARN_CONSTANT_CONVERSION = YES;
				CLANG_WARN_DEPRECATED_OBJC_IMPLEMENTATIONS = YES;
				CLANG_WARN_DIRECT_OBJC_ISA_USAGE = YES_ERROR;
				CLANG_WARN_DOCUMENTATION_COMMENTS = YES;
				CLANG_WARN_EMPTY_BODY = YES;
				CLANG_WARN_ENUM_CONVERSION = YES;
				CLANG_WARN_INFINITE_RECURSION = YES;
				CLANG_WARN_INT_CONVERSION = YES;
				CLANG_WARN_NON_LITERAL_NULL_CONVERSION = YES;
				CLANG_WARN_OBJC_IMPLICIT_RETAIN_SELF = YES;
				CLANG_WARN_OBJC_LITERAL_CONVERSION = YES;
				CLANG_WARN_OBJC_ROOT_CLASS = YES_ERROR;
				CLANG_WARN_QUOTED_INCLUDE_IN_FRAMEWORK_HEADER = YES;
				CLANG_WARN_RANGE_LOOP_ANALYSIS = YES;
				CLANG_WARN_STRICT_PROTOTYPES = YES;
				CLANG_WARN_SUSPICIOUS_MOVE = YES;
				CLANG_WARN_UNGUARDED_AVAILABILITY = YES_AGGRESSIVE;
				CLANG_WARN_UNREACHABLE_CODE = YES;
				CLANG_WARN__DUPLICATE_METHOD_MATCH = YES;
				CODE_SIGN_STYLE = Automatic;
				COPY_PHASE_STRIP = NO;
				CURRENT_PROJECT_VERSION = 1;
				DEBUG_INFORMATION_FORMAT = "dwarf-with-dsym";
				DEVELOPMENT_TEAM = 627M2GD4Q9;
				ENABLE_NS_ASSERTIONS = NO;
				ENABLE_STRICT_OBJC_MSGSEND = YES;
				GCC_C_LANGUAGE_STANDARD = gnu11;
				GCC_NO_COMMON_BLOCKS = YES;
				GCC_WARN_64_TO_32_BIT_CONVERSION = YES;
				GCC_WARN_ABOUT_RETURN_TYPE = YES_ERROR;
				GCC_WARN_UNDECLARED_SELECTOR = YES;
				GCC_WARN_UNINITIALIZED_AUTOS = YES_AGGRESSIVE;
				GCC_WARN_UNUSED_FUNCTION = YES;
				GCC_WARN_UNUSED_VARIABLE = YES;
				MACOSX_DEPLOYMENT_TARGET = 13.0;
				MARKETING_VERSION = 0.1.0;
				MTL_ENABLE_DEBUG_INFO = NO;
				MTL_FAST_MATH = YES;
				PRODUCT_NAME = "$(TARGET_NAME)";
				SDKROOT = macosx;
				SWIFT_COMPILATION_MODE = wholemodule;
				SWIFT_OPTIMIZATION_LEVEL = "-O";
				SWIFT_VERSION = 6.0;
			};
			name = Release;
		};
		EB6F197873E37725C9676419 /* Debug */ = {
			isa = XCBuildConfiguration;
			buildSettings = {
				ASSETCATALOG_COMPILER_APPICON_NAME = AppIcon;
				COMBINE_HIDPI_IMAGES = YES;
				ENABLE_HARDENED_RUNTIME = YES;
				GENERATE_INFOPLIST_FILE = NO;
				INFOPLIST_FILE = LoopCue/Resources/Info.plist;
				LD_RUNPATH_SEARCH_PATHS = (
					"$(inherited)",
					"@executable_path/../Frameworks",
				);
				PRODUCT_BUNDLE_IDENTIFIER = com.loopcue.LoopCue;
				SDKROOT = macosx;
			};
			name = Debug;
		};
		F6F609B1AD167C0D9378AB91 /* Release */ = {
			isa = XCBuildConfiguration;
			buildSettings = {
				BUNDLE_LOADER = "$(TEST_HOST)";
				COMBINE_HIDPI_IMAGES = YES;
				GENERATE_INFOPLIST_FILE = YES;
				LD_RUNPATH_SEARCH_PATHS = (
					"$(inherited)",
					"@executable_path/../Frameworks",
					"@loader_path/../Frameworks",
				);
				PRODUCT_BUNDLE_IDENTIFIER = com.loopcue.LoopCueTests;
				SDKROOT = macosx;
				TEST_HOST = "$(BUILT_PRODUCTS_DIR)/LoopCue.app/Contents/MacOS/LoopCue";
			};
			name = Release;
		};
		FC957DB6BD966ECE480DE988 /* Debug */ = {
			isa = XCBuildConfiguration;
			buildSettings = {
				ALWAYS_SEARCH_USER_PATHS = NO;
				CLANG_ANALYZER_NONNULL = YES;
				CLANG_ANALYZER_NUMBER_OBJECT_CONVERSION = YES_AGGRESSIVE;
				CLANG_CXX_LANGUAGE_STANDARD = "gnu++14";
				CLANG_CXX_LIBRARY = "libc++";
				CLANG_ENABLE_MODULES = YES;
				CLANG_ENABLE_OBJC_ARC = YES;
				CLANG_ENABLE_OBJC_WEAK = YES;
				CLANG_WARN_BLOCK_CAPTURE_AUTORELEASING = YES;
				CLANG_WARN_BOOL_CONVERSION = YES;
				CLANG_WARN_COMMA = YES;
				CLANG_WARN_CONSTANT_CONVERSION = YES;
				CLANG_WARN_DEPRECATED_OBJC_IMPLEMENTATIONS = YES;
				CLANG_WARN_DIRECT_OBJC_ISA_USAGE = YES_ERROR;
				CLANG_WARN_DOCUMENTATION_COMMENTS = YES;
				CLANG_WARN_EMPTY_BODY = YES;
				CLANG_WARN_ENUM_CONVERSION = YES;
				CLANG_WARN_INFINITE_RECURSION = YES;
				CLANG_WARN_INT_CONVERSION = YES;
				CLANG_WARN_NON_LITERAL_NULL_CONVERSION = YES;
				CLANG_WARN_OBJC_IMPLICIT_RETAIN_SELF = YES;
				CLANG_WARN_OBJC_LITERAL_CONVERSION = YES;
				CLANG_WARN_OBJC_ROOT_CLASS = YES_ERROR;
				CLANG_WARN_QUOTED_INCLUDE_IN_FRAMEWORK_HEADER = YES;
				CLANG_WARN_RANGE_LOOP_ANALYSIS = YES;
				CLANG_WARN_STRICT_PROTOTYPES = YES;
				CLANG_WARN_SUSPICIOUS_MOVE = YES;
				CLANG_WARN_UNGUARDED_AVAILABILITY = YES_AGGRESSIVE;
				CLANG_WARN_UNREACHABLE_CODE = YES;
				CLANG_WARN__DUPLICATE_METHOD_MATCH = YES;
				CODE_SIGN_STYLE = Automatic;
				COPY_PHASE_STRIP = NO;
				CURRENT_PROJECT_VERSION = 1;
				DEBUG_INFORMATION_FORMAT = dwarf;
				DEVELOPMENT_TEAM = 627M2GD4Q9;
				ENABLE_STRICT_OBJC_MSGSEND = YES;
				ENABLE_TESTABILITY = YES;
				GCC_C_LANGUAGE_STANDARD = gnu11;
				GCC_DYNAMIC_NO_PIC = NO;
				GCC_NO_COMMON_BLOCKS = YES;
				GCC_OPTIMIZATION_LEVEL = 0;
				GCC_PREPROCESSOR_DEFINITIONS = (
					"$(inherited)",
					"DEBUG=1",
				);
				GCC_WARN_64_TO_32_BIT_CONVERSION = YES;
				GCC_WARN_ABOUT_RETURN_TYPE = YES_ERROR;
				GCC_WARN_UNDECLARED_SELECTOR = YES;
				GCC_WARN_UNINITIALIZED_AUTOS = YES_AGGRESSIVE;
				GCC_WARN_UNUSED_FUNCTION = YES;
				GCC_WARN_UNUSED_VARIABLE = YES;
				MACOSX_DEPLOYMENT_TARGET = 13.0;
				MARKETING_VERSION = 0.1.0;
				MTL_ENABLE_DEBUG_INFO = INCLUDE_SOURCE;
				MTL_FAST_MATH = YES;
				ONLY_ACTIVE_ARCH = YES;
				PRODUCT_NAME = "$(TARGET_NAME)";
				SDKROOT = macosx;
				SWIFT_ACTIVE_COMPILATION_CONDITIONS = DEBUG;
				SWIFT_OPTIMIZATION_LEVEL = "-Onone";
				SWIFT_VERSION = 6.0;
			};
			name = Debug;
		};
/* End XCBuildConfiguration section */

/* Begin XCConfigurationList section */
		674285E19D58AC2A9B184511 /* Build configuration list for PBXProject "LoopCue" */ = {
			isa = XCConfigurationList;
			buildConfigurations = (
				FC957DB6BD966ECE480DE988 /* Debug */,
				E8EB5EBD250957694847AF29 /* Release */,
			);
			defaultConfigurationIsVisible = 0;
			defaultConfigurationName = Debug;
		};
		B33AE511D675970233861000 /* Build configuration list for PBXNativeTarget "LoopCueTests" */ = {
			isa = XCConfigurationList;
			buildConfigurations = (
				043A4337743E42301B8489AE /* Debug */,
				F6F609B1AD167C0D9378AB91 /* Release */,
			);
			defaultConfigurationIsVisible = 0;
			defaultConfigurationName = Debug;
		};
		D2F8B8219A6E92B96EFA611F /* Build configuration list for PBXNativeTarget "LoopCue" */ = {
			isa = XCConfigurationList;
			buildConfigurations = (
				EB6F197873E37725C9676419 /* Debug */,
				AB71E9481158071867C4BBAA /* Release */,
			);
			defaultConfigurationIsVisible = 0;
			defaultConfigurationName = Debug;
		};
/* End XCConfigurationList section */
	};
	rootObject = F3E3CA4AAEA714ADE3AC3635 /* Project object */;
}
